
Microsoft Visual Studio Solution File, Format Version 12.00
# Visual Studio 15
VisualStudioVersion = 15.0.26124.0
MinimumVisualStudioVersion = 15.0.26124.0
Project("{2150E333-8FDC-42A3-9474-1A3956D46DE8}") = "src", "src", "{0350C53E-B715-42A7-A097-85E24DBFF328}"
EndProject
Project("{FAE04EC0-301F-11D3-BF4B-00C04F79EFBC}") = "OpenTelemetry.Exporter.LightStep", "src\OpenTelemetry.Exporter.LightStep\OpenTelemetry.Exporter.LightStep.csproj", "{340906AE-E7AA-43EC-8975-D0141A7353CA}"
EndProject
Project("{2150E333-8FDC-42A3-9474-1A3956D46DE8}") = "test", "test", "{82B333AD-DCA5-4168-9456-E572683C5D29}"
EndProject
Project("{FAE04EC0-301F-11D3-BF4B-00C04F79EFBC}") = "OpenTelemetry.Exporter.LightStep.Tests", "test\OpenTelemetry.Exporter.LightStep.Tests\OpenTelemetry.Exporter.LightStep.Tests.csproj", "{FBDF8DEB-F75A-4DF5-8A00-AC958E3BF776}"
EndProject
Global
	GlobalSection(SolutionConfigurationPlatforms) = preSolution
		Debug|Any CPU = Debug|Any CPU
		Debug|x64 = Debug|x64
		Debug|x86 = Debug|x86
		Release|Any CPU = Release|Any CPU
		Release|x64 = Release|x64
		Release|x86 = Release|x86
	EndGlobalSection
	GlobalSection(SolutionProperties) = preSolution
		HideSolutionNode = FALSE
	EndGlobalSection
	GlobalSection(ProjectConfigurationPlatforms) = postSolution
		{340906AE-E7AA-43EC-8975-D0141A7353CA}.Debug|Any CPU.ActiveCfg = Debug|Any CPU
		{340906AE-E7AA-43EC-8975-D0141A7353CA}.Debug|Any CPU.Build.0 = Debug|Any CPU
		{340906AE-E7AA-43EC-8975-D0141A7353CA}.Debug|x64.ActiveCfg = Debug|Any CPU
		{340906AE-E7AA-43EC-8975-D0141A7353CA}.Debug|x64.Build.0 = Debug|Any CPU
		{340906AE-E7AA-43EC-8975-D0141A7353CA}.Debug|x86.ActiveCfg = Debug|Any CPU
		{340906AE-E7AA-43EC-8975-D0141A7353CA}.Debug|x86.Build.0 = Debug|Any CPU
		{340906AE-E7AA-43EC-8975-D0141A7353CA}.Release|Any CPU.ActiveCfg = Release|Any CPU
		{340906AE-E7AA-43EC-8975-D0141A7353CA}.Release|Any CPU.Build.0 = Release|Any CPU
		{340906AE-E7AA-43EC-8975-D0141A7353CA}.Release|x64.ActiveCfg = Release|Any CPU
		{340906AE-E7AA-43EC-8975-D0141A7353CA}.Release|x64.Build.0 = Release|Any CPU
		{340906AE-E7AA-43EC-8975-D0141A7353CA}.Release|x86.ActiveCfg = Release|Any CPU
		{340906AE-E7AA-43EC-8975-D0141A7353CA}.Release|x86.Build.0 = Release|Any CPU
		{FBDF8DEB-F75A-4DF5-8A00-AC958E3BF776}.Debug|Any CPU.ActiveCfg = Debug|Any CPU
		{FBDF8DEB-F75A-4DF5-8A00-AC958E3BF776}.Debug|Any CPU.Build.0 = Debug|Any CPU
		{FBDF8DEB-F75A-4DF5-8A00-AC958E3BF776}.Debug|x64.ActiveCfg = Debug|Any CPU
		{FBDF8DEB-F75A-4DF5-8A00-AC958E3BF776}.Debug|x64.Build.0 = Debug|Any CPU
		{FBDF8DEB-F75A-4DF5-8A00-AC958E3BF776}.Debug|x86.ActiveCfg = Debug|Any CPU
		{FBDF8DEB-F75A-4DF5-8A00-AC958E3BF776}.Debug|x86.Build.0 = Debug|Any CPU
		{FBDF8DEB-F75A-4DF5-8A00-AC958E3BF776}.Release|Any CPU.ActiveCfg = Release|Any CPU
		{FBDF8DEB-F75A-4DF5-8A00-AC958E3BF776}.Release|Any CPU.Build.0 = Release|Any CPU
		{FBDF8DEB-F75A-4DF5-8A00-AC958E3BF776}.Release|x64.ActiveCfg = Release|Any CPU
		{FBDF8DEB-F75A-4DF5-8A00-AC958E3BF776}.Release|x64.Build.0 = Release|Any CPU
		{FBDF8DEB-F75A-4DF5-8A00-AC958E3BF776}.Release|x86.ActiveCfg = Release|Any CPU
		{FBDF8DEB-F75A-4DF5-8A00-AC958E3BF776}.Release|x86.Build.0 = Release|Any CPU
	EndGlobalSection
	GlobalSection(NestedProjects) = preSolution
		{340906AE-E7AA-43EC-8975-D0141A7353CA} = {0350C53E-B715-42A7-A097-85E24DBFF328}
		{FBDF8DEB-F75A-4DF5-8A00-AC958E3BF776} = {82B333AD-DCA5-4168-9456-E572683C5D29}
	EndGlobalSection
EndGlobal
